
Microsoft Visual Studio Solution File, Format Version 12.00
# Visual Studio 2015
Project("{FAE04EC0-301F-11D3-BF4B-00C04F79EFBC}") = "SimpleTDS.CSharp", "SimpleTDS.CSharp.csproj", "{DC5A4B7B-B751-4F24-D2D5-81601203EE12}"
EndProject
Project("{FAE04EC0-301F-11D3-BF4B-00C04F79EFBC}") = "SimpleTDS.CSharp.Editor", "SimpleTDS.CSharp.Editor.csproj", "{DF686C0A-D161-A82A-F1D6-105B8BB97E26}"
EndProject
Global
	GlobalSection(SolutionConfigurationPlatforms) = preSolution
		Debug|Any CPU = Debug|Any CPU
		Release|Any CPU = Release|Any CPU
	EndGlobalSection
	GlobalSection(ProjectConfigurationPlatforms) = postSolution
		{DC5A4B7B-B751-4F24-D2D5-81601203EE12}.Debug|Any CPU.ActiveCfg = Debug|Any CPU
		{DC5A4B7B-B751-4F24-D2D5-81601203EE12}.Debug|Any CPU.Build.0 = Debug|Any CPU
		{DC5A4B7B-B751-4F24-D2D5-81601203EE12}.Release|Any CPU.ActiveCfg = Release|Any CPU
		{DC5A4B7B-B751-4F24-D2D5-81601203EE12}.Release|Any CPU.Build.0 = Release|Any CPU
		{DF686C0A-D161-A82A-F1D6-105B8BB97E26}.Debug|Any CPU.ActiveCfg = Debug|Any CPU
		{DF686C0A-D161-A82A-F1D6-105B8BB97E26}.Debug|Any CPU.Build.0 = Debug|Any CPU
		{DF686C0A-D161-A82A-F1D6-105B8BB97E26}.Release|Any CPU.ActiveCfg = Release|Any CPU
		{DF686C0A-D161-A82A-F1D6-105B8BB97E26}.Release|Any CPU.Build.0 = Release|Any CPU
	EndGlobalSection
	GlobalSection(SolutionProperties) = preSolution
		HideSolutionNode = FALSE
	EndGlobalSection
EndGlobal
